// !$*UTF8*$!
{
	archiveVersion = 1;
	classes = {
	};
	objectVersion = 46;
	objects = {

/* Begin PBXBuildFile section */
		DE47D6181B0A6587005B7147 /* main.m in Sources */ = {isa = PBXBuildFile; fileRef = DE47D6171B0A6587005B7147 /* main.m */; };
		DE47D61B1B0A6587005B7147 /* AppDelegate.m in Sources */ = {isa = PBXBuildFile; fileRef = DE47D61A1B0A6587005B7147 /* AppDelegate.m */; };
		DE47D61E1B0A6588005B7147 /* ViewController.m in Sources */ = {isa = PBXBuildFile; fileRef = DE47D61D1B0A6588005B7147 /* ViewController.m */; };
		DE47D6211B0A6588005B7147 /* Main.storyboard in Resources */ = {isa = PBXBuildFile; fileRef = DE47D61F1B0A6588005B7147 /* Main.storyboard */; };
		DE47D6231B0A6588005B7147 /* Images.xcassets in Resources */ = {isa = PBXBuildFile; fileRef = DE47D6221B0A6588005B7147 /* Images.xcassets */; };
		DE47D6261B0A6588005B7147 /* LaunchScreen.xib in Resources */ = {isa = PBXBuildFile; fileRef = DE47D6241B0A6588005B7147 /* LaunchScreen.xib */; };
		DE47D6321B0A6588005B7147 /* S3NotesTests.m in Sources */ = {isa = PBXBuildFile; fileRef = DE47D6311B0A6588005B7147 /* S3NotesTests.m */; };
		DE47D63F1B0A6628005B7147 /* S3Manager.m in Sources */ = {isa = PBXBuildFile; fileRef = DE47D63E1B0A6628005B7147 /* S3Manager.m */; };
		DE47D6481B0AB272005B7147 /* AWSS3.framework in Frameworks */ = {isa = PBXBuildFile; fileRef = DE47D6471B0AB272005B7147 /* AWSS3.framework */; };
		DE47D64A1B0AB2A0005B7147 /* AWSCore.framework in Frameworks */ = {isa = PBXBuildFile; fileRef = DE47D6491B0AB2A0005B7147 /* AWSCore.framework */; };
		DE47D65A1B0AB4E3005B7147 /* libz.dylib in Frameworks */ = {isa = PBXBuildFile; fileRef = DE47D6591B0AB4E3005B7147 /* libz.dylib */; };
		DE47D6731B0ABA88005B7147 /* libsqlite3.dylib in Frameworks */ = {isa = PBXBuildFile; fileRef = DE47D6721B0ABA88005B7147 /* libsqlite3.dylib */; };
		DE47D6751B0ABA99005B7147 /* SystemConfiguration.framework in Frameworks */ = {isa = PBXBuildFile; fileRef = DE47D6741B0ABA99005B7147 /* SystemConfiguration.framework */; };
		DE47D6871B0ABAB5005B7147 /* autoscaling-2011-01-01.json in Resources */ = {isa = PBXBuildFile; fileRef = DE47D6761B0ABAB5005B7147 /* autoscaling-2011-01-01.json */; };
		DE47D6881B0ABAB5005B7147 /* cognito-identity-2014-06-30.json in Resources */ = {isa = PBXBuildFile; fileRef = DE47D6771B0ABAB5005B7147 /* cognito-identity-2014-06-30.json */; };
		DE47D6891B0ABAB5005B7147 /* cognito-sync-2014-06-30.json in Resources */ = {isa = PBXBuildFile; fileRef = DE47D6781B0ABAB5005B7147 /* cognito-sync-2014-06-30.json */; };
		DE47D68A1B0ABAB5005B7147 /* dynamodb-2012-08-10.json in Resources */ = {isa = PBXBuildFile; fileRef = DE47D6791B0ABAB5005B7147 /* dynamodb-2012-08-10.json */; };
		DE47D68B1B0ABAB5005B7147 /* ec2-2014-09-01.json in Resources */ = {isa = PBXBuildFile; fileRef = DE47D67A1B0ABAB5005B7147 /* ec2-2014-09-01.json */; };
		DE47D68C1B0ABAB5005B7147 /* elasticloadbalancing-2012-06-01.json in Resources */ = {isa = PBXBuildFile; fileRef = DE47D67B1B0ABAB5005B7147 /* elasticloadbalancing-2012-06-01.json */; };
		DE47D68D1B0ABAB5005B7147 /* email-2010-12-01.json in Resources */ = {isa = PBXBuildFile; fileRef = DE47D67C1B0ABAB5005B7147 /* email-2010-12-01.json */; };
		DE47D68E1B0ABAB5005B7147 /* kinesis-2013-12-02.json in Resources */ = {isa = PBXBuildFile; fileRef = DE47D67D1B0ABAB5005B7147 /* kinesis-2013-12-02.json */; };
		DE47D68F1B0ABAB5005B7147 /* lambda-2015-03-31.json in Resources */ = {isa = PBXBuildFile; fileRef = DE47D67E1B0ABAB5005B7147 /* lambda-2015-03-31.json */; };
		DE47D6901B0ABAB5005B7147 /* machinelearning-2014-12-12.json in Resources */ = {isa = PBXBuildFile; fileRef = DE47D67F1B0ABAB5005B7147 /* machinelearning-2014-12-12.json */; };
		DE47D6911B0ABAB5005B7147 /* mobileanalytics-2014-06-30.json in Resources */ = {isa = PBXBuildFile; fileRef = DE47D6801B0ABAB5005B7147 /* mobileanalytics-2014-06-30.json */; };
		DE47D6921B0ABAB5005B7147 /* monitoring-2010-08-01.json in Resources */ = {isa = PBXBuildFile; fileRef = DE47D6811B0ABAB5005B7147 /* monitoring-2010-08-01.json */; };
		DE47D6931B0ABAB5005B7147 /* s3-2006-03-01.json in Resources */ = {isa = PBXBuildFile; fileRef = DE47D6821B0ABAB5005B7147 /* s3-2006-03-01.json */; };
		DE47D6941B0ABAB5005B7147 /* sdb-2009-04-15.json in Resources */ = {isa = PBXBuildFile; fileRef = DE47D6831B0ABAB5005B7147 /* sdb-2009-04-15.json */; };
		DE47D6951B0ABAB5005B7147 /* sns-2010-03-31.json in Resources */ = {isa = PBXBuildFile; fileRef = DE47D6841B0ABAB5005B7147 /* sns-2010-03-31.json */; };
		DE47D6961B0ABAB5005B7147 /* sqs-2012-11-05.json in Resources */ = {isa = PBXBuildFile; fileRef = DE47D6851B0ABAB5005B7147 /* sqs-2012-11-05.json */; };
		DE47D6971B0ABAB5005B7147 /* sts-2011-06-15.json in Resources */ = {isa = PBXBuildFile; fileRef = DE47D6861B0ABAB5005B7147 /* sts-2011-06-15.json */; };
		DE47D6A01B0ABB4C005B7147 /* Bolts.framework in Frameworks */ = {isa = PBXBuildFile; fileRef = DE47D6981B0ABB4C005B7147 /* Bolts.framework */; };
		DE47D6A11B0ABB4C005B7147 /* FMDB.framework in Frameworks */ = {isa = PBXBuildFile; fileRef = DE47D6991B0ABB4C005B7147 /* FMDB.framework */; };
		DE47D6A21B0ABB4C005B7147 /* GZIP.framework in Frameworks */ = {isa = PBXBuildFile; fileRef = DE47D69A1B0ABB4C005B7147 /* GZIP.framework */; };
		DE47D6A31B0ABB4C005B7147 /* Mantle.framework in Frameworks */ = {isa = PBXBuildFile; fileRef = DE47D69B1B0ABB4C005B7147 /* Mantle.framework */; };
		DE47D6A41B0ABB4C005B7147 /* Reachability.framework in Frameworks */ = {isa = PBXBuildFile; fileRef = DE47D69C1B0ABB4C005B7147 /* Reachability.framework */; };
		DE47D6A51B0ABB4C005B7147 /* TMCache.framework in Frameworks */ = {isa = PBXBuildFile; fileRef = DE47D69D1B0ABB4C005B7147 /* TMCache.framework */; };
		DE47D6A61B0ABB4C005B7147 /* UICKeyChainStore.framework in Frameworks */ = {isa = PBXBuildFile; fileRef = DE47D69E1B0ABB4C005B7147 /* UICKeyChainStore.framework */; };
		DE47D6A71B0ABB4C005B7147 /* XMLDictionary.framework in Frameworks */ = {isa = PBXBuildFile; fileRef = DE47D69F1B0ABB4C005B7147 /* XMLDictionary.framework */; };
		DE47D6AA1B0ACD1B005B7147 /* SecondViewController.m in Sources */ = {isa = PBXBuildFile; fileRef = DE47D6A91B0ACD1B005B7147 /* SecondViewController.m */; };
/* End PBXBuildFile section */

/* Begin PBXContainerItemProxy section */
		DE47D62C1B0A6588005B7147 /* PBXContainerItemProxy */ = {
			isa = PBXContainerItemProxy;
			containerPortal = DE47D60A1B0A6587005B7147 /* Project object */;
			proxyType = 1;
			remoteGlobalIDString = DE47D6111B0A6587005B7147;
			remoteInfo = S3Notes;
		};
/* End PBXContainerItemProxy section */

/* Begin PBXFileReference section */
		DE47D6121B0A6587005B7147 /* S3Notes.app */ = {isa = PBXFileReference; explicitFileType = wrapper.application; includeInIndex = 0; path = S3Notes.app; sourceTree = BUILT_PRODUCTS_DIR; };
		DE47D6161B0A6587005B7147 /* Info.plist */ = {isa = PBXFileReference; lastKnownFileType = text.plist.xml; path = Info.plist; sourceTree = "<group>"; };
		DE47D6171B0A6587005B7147 /* main.m */ = {isa = PBXFileReference; lastKnownFileType = sourcecode.c.objc; path = main.m; sourceTree = "<group>"; };
		DE47D6191B0A6587005B7147 /* AppDelegate.h */ = {isa = PBXFileReference; lastKnownFileType = sourcecode.c.h; path = AppDelegate.h; sourceTree = "<group>"; };
		DE47D61A1B0A6587005B7147 /* AppDelegate.m */ = {isa = PBXFileReference; lastKnownFileType = sourcecode.c.objc; path = AppDelegate.m; sourceTree = "<group>"; };
		DE47D61C1B0A6588005B7147 /* ViewController.h */ = {isa = PBXFileReference; lastKnownFileType = sourcecode.c.h; path = ViewController.h; sourceTree = "<group>"; };
		DE47D61D1B0A6588005B7147 /* ViewController.m */ = {isa = PBXFileReference; lastKnownFileType = sourcecode.c.objc; path = ViewController.m; sourceTree = "<group>"; };
		DE47D6201B0A6588005B7147 /* Base */ = {isa = PBXFileReference; lastKnownFileType = file.storyboard; name = Base; path = Base.lproj/Main.storyboard; sourceTree = "<group>"; };
		DE47D6221B0A6588005B7147 /* Images.xcassets */ = {isa = PBXFileReference; lastKnownFileType = folder.assetcatalog; path = Images.xcassets; sourceTree = "<group>"; };
		DE47D6251B0A6588005B7147 /* Base */ = {isa = PBXFileReference; lastKnownFileType = file.xib; name = Base; path = Base.lproj/LaunchScreen.xib; sourceTree = "<group>"; };
		DE47D62B1B0A6588005B7147 /* S3NotesTests.xctest */ = {isa = PBXFileReference; explicitFileType = wrapper.cfbundle; includeInIndex = 0; path = S3NotesTests.xctest; sourceTree = BUILT_PRODUCTS_DIR; };
		DE47D6301B0A6588005B7147 /* Info.plist */ = {isa = PBXFileReference; lastKnownFileType = text.plist.xml; path = Info.plist; sourceTree = "<group>"; };
		DE47D6311B0A6588005B7147 /* S3NotesTests.m */ = {isa = PBXFileReference; lastKnownFileType = sourcecode.c.objc; path = S3NotesTests.m; sourceTree = "<group>"; };
		DE47D63D1B0A6628005B7147 /* S3Manager.h */ = {isa = PBXFileReference; fileEncoding = 4; lastKnownFileType = sourcecode.c.h; path = S3Manager.h; sourceTree = "<group>"; };
		DE47D63E1B0A6628005B7147 /* S3Manager.m */ = {isa = PBXFileReference; fileEncoding = 4; lastKnownFileType = sourcecode.c.objc; path = S3Manager.m; sourceTree = "<group>"; };
		DE47D6471B0AB272005B7147 /* AWSS3.framework */ = {isa = PBXFileReference; lastKnownFileType = wrapper.framework; name = AWSS3.framework; path = "../../../../Documents/SDKs/aws-ios-sdk-2.1.1/frameworks/AWSS3.framework"; sourceTree = "<group>"; };
		DE47D6491B0AB2A0005B7147 /* AWSCore.framework */ = {isa = PBXFileReference; lastKnownFileType = wrapper.framework; name = AWSCore.framework; path = "../../../../Documents/SDKs/aws-ios-sdk-2.1.1/frameworks/AWSCore.framework"; sourceTree = "<group>"; };
		DE47D6591B0AB4E3005B7147 /* libz.dylib */ = {isa = PBXFileReference; lastKnownFileType = "compiled.mach-o.dylib"; name = libz.dylib; path = usr/lib/libz.dylib; sourceTree = SDKROOT; };
		DE47D6621B0ABA5C005B7147 /* AWSAutoScaling.framework */ = {isa = PBXFileReference; lastKnownFileType = wrapper.framework; name = AWSAutoScaling.framework; path = "../../../../Documents/SDKs/aws-ios-sdk-2.1.1/frameworks/AWSAutoScaling.framework"; sourceTree = "<group>"; };
		DE47D6631B0ABA5C005B7147 /* AWSCloudWatch.framework */ = {isa = PBXFileReference; lastKnownFileType = wrapper.framework; name = AWSCloudWatch.framework; path = "../../../../Documents/SDKs/aws-ios-sdk-2.1.1/frameworks/AWSCloudWatch.framework"; sourceTree = "<group>"; };
		DE47D6641B0ABA5C005B7147 /* AWSDynamoDB.framework */ = {isa = PBXFileReference; lastKnownFileType = wrapper.framework; name = AWSDynamoDB.framework; path = "../../../../Documents/SDKs/aws-ios-sdk-2.1.1/frameworks/AWSDynamoDB.framework"; sourceTree = "<group>"; };
		DE47D6651B0ABA5C005B7147 /* AWSEC2.framework */ = {isa = PBXFileReference; lastKnownFileType = wrapper.framework; name = AWSEC2.framework; path = "../../../../Documents/SDKs/aws-ios-sdk-2.1.1/frameworks/AWSEC2.framework"; sourceTree = "<group>"; };
		DE47D6661B0ABA5C005B7147 /* AWSElasticLoadBalancing.framework */ = {isa = PBXFileReference; lastKnownFileType = wrapper.framework; name = AWSElasticLoadBalancing.framework; path = "../../../../Documents/SDKs/aws-ios-sdk-2.1.1/frameworks/AWSElasticLoadBalancing.framework"; sourceTree = "<group>"; };
		DE47D6671B0ABA5C005B7147 /* AWSKinesis.framework */ = {isa = PBXFileReference; lastKnownFileType = wrapper.framework; name = AWSKinesis.framework; path = "../../../../Documents/SDKs/aws-ios-sdk-2.1.1/frameworks/AWSKinesis.framework"; sourceTree = "<group>"; };
		DE47D6681B0ABA5C005B7147 /* AWSLambda.framework */ = {isa = PBXFileReference; lastKnownFileType = wrapper.framework; name = AWSLambda.framework; path = "../../../../Documents/SDKs/aws-ios-sdk-2.1.1/frameworks/AWSLambda.framework"; sourceTree = "<group>"; };
		DE47D6691B0ABA5C005B7147 /* AWSMachineLearning.framework */ = {isa = PBXFileReference; lastKnownFileType = wrapper.framework; name = AWSMachineLearning.framework; path = "../../../../Documents/SDKs/aws-ios-sdk-2.1.1/frameworks/AWSMachineLearning.framework"; sourceTree = "<group>"; };
		DE47D66A1B0ABA5C005B7147 /* AWSSES.framework */ = {isa = PBXFileReference; lastKnownFileType = wrapper.framework; name = AWSSES.framework; path = "../../../../Documents/SDKs/aws-ios-sdk-2.1.1/frameworks/AWSSES.framework"; sourceTree = "<group>"; };
		DE47D66B1B0ABA5C005B7147 /* AWSSimpleDB.framework */ = {isa = PBXFileReference; lastKnownFileType = wrapper.framework; name = AWSSimpleDB.framework; path = "../../../../Documents/SDKs/aws-ios-sdk-2.1.1/frameworks/AWSSimpleDB.framework"; sourceTree = "<group>"; };
		DE47D66C1B0ABA5C005B7147 /* AWSSNS.framework */ = {isa = PBXFileReference; lastKnownFileType = wrapper.framework; name = AWSSNS.framework; path = "../../../../Documents/SDKs/aws-ios-sdk-2.1.1/frameworks/AWSSNS.framework"; sourceTree = "<group>"; };
		DE47D66D1B0ABA5C005B7147 /* AWSSQS.framework */ = {isa = PBXFileReference; lastKnownFileType = wrapper.framework; name = AWSSQS.framework; path = "../../../../Documents/SDKs/aws-ios-sdk-2.1.1/frameworks/AWSSQS.framework"; sourceTree = "<group>"; };
		DE47D6701B0ABA5C005B7147 /* AWSCognito.framework */ = {isa = PBXFileReference; lastKnownFileType = wrapper.framework; name = AWSCognito.framework; path = "../../../../Documents/SDKs/aws-ios-sdk-2.1.1/frameworks/extras/AWSCognito.framework"; sourceTree = "<group>"; };
		DE47D6721B0ABA88005B7147 /* libsqlite3.dylib */ = {isa = PBXFileReference; lastKnownFileType = "compiled.mach-o.dylib"; name = libsqlite3.dylib; path = usr/lib/libsqlite3.dylib; sourceTree = SDKROOT; };
		DE47D6741B0ABA99005B7147 /* SystemConfiguration.framework */ = {isa = PBXFileReference; lastKnownFileType = wrapper.framework; name = SystemConfiguration.framework; path = System/Library/Frameworks/SystemConfiguration.framework; sourceTree = SDKROOT; };
		DE47D6761B0ABAB5005B7147 /* autoscaling-2011-01-01.json */ = {isa = PBXFileReference; fileEncoding = 4; lastKnownFileType = text.json; name = "autoscaling-2011-01-01.json"; path = "../../../../Documents/SDKs/aws-ios-sdk-2.1.1/service-definitions/autoscaling-2011-01-01.json"; sourceTree = "<group>"; };
		DE47D6771B0ABAB5005B7147 /* cognito-identity-2014-06-30.json */ = {isa = PBXFileReference; fileEncoding = 4; lastKnownFileType = text.json; name = "cognito-identity-2014-06-30.json"; path = "../../../../Documents/SDKs/aws-ios-sdk-2.1.1/service-definitions/cognito-identity-2014-06-30.json"; sourceTree = "<group>"; };
		DE47D6781B0ABAB5005B7147 /* cognito-sync-2014-06-30.json */ = {isa = PBXFileReference; fileEncoding = 4; lastKnownFileType = text.json; name = "cognito-sync-2014-06-30.json"; path = "../../../../Documents/SDKs/aws-ios-sdk-2.1.1/service-definitions/cognito-sync-2014-06-30.json"; sourceTree = "<group>"; };
		DE47D6791B0ABAB5005B7147 /* dynamodb-2012-08-10.json */ = {isa = PBXFileReference; fileEncoding = 4; lastKnownFileType = text.json; name = "dynamodb-2012-08-10.json"; path = "../../../../Documents/SDKs/aws-ios-sdk-2.1.1/service-definitions/dynamodb-2012-08-10.json"; sourceTree = "<group>"; };
		DE47D67A1B0ABAB5005B7147 /* ec2-2014-09-01.json */ = {isa = PBXFileReference; fileEncoding = 4; lastKnownFileType = text.json; name = "ec2-2014-09-01.json"; path = "../../../../Documents/SDKs/aws-ios-sdk-2.1.1/service-definitions/ec2-2014-09-01.json"; sourceTree = "<group>"; };
		DE47D67B1B0ABAB5005B7147 /* elasticloadbalancing-2012-06-01.json */ = {isa = PBXFileReference; fileEncoding = 4; lastKnownFileType = text.json; name = "elasticloadbalancing-2012-06-01.json"; path = "../../../../Documents/SDKs/aws-ios-sdk-2.1.1/service-definitions/elasticloadbalancing-2012-06-01.json"; sourceTree = "<group>"; };
		DE47D67C1B0ABAB5005B7147 /* email-2010-12-01.json */ = {isa = PBXFileReference; fileEncoding = 4; lastKnownFileType = text.json; name = "email-2010-12-01.json"; path = "../../../../Documents/SDKs/aws-ios-sdk-2.1.1/service-definitions/email-2010-12-01.json"; sourceTree = "<group>"; };
		DE47D67D1B0ABAB5005B7147 /* kinesis-2013-12-02.json */ = {isa = PBXFileReference; fileEncoding = 4; lastKnownFileType = text.json; name = "kinesis-2013-12-02.json"; path = "../../../../Documents/SDKs/aws-ios-sdk-2.1.1/service-definitions/kinesis-2013-12-02.json"; sourceTree = "<group>"; };
		DE47D67E1B0ABAB5005B7147 /* lambda-2015-03-31.json */ = {isa = PBXFileReference; fileEncoding = 4; lastKnownFileType = text.json; name = "lambda-2015-03-31.json"; path = "../../../../Documents/SDKs/aws-ios-sdk-2.1.1/service-definitions/lambda-2015-03-31.json"; sourceTree = "<group>"; };
		DE47D67F1B0ABAB5005B7147 /* machinelearning-2014-12-12.json */ = {isa = PBXFileReference; fileEncoding = 4; lastKnownFileType = text.json; name = "machinelearning-2014-12-12.json"; path = "../../../../Documents/SDKs/aws-ios-sdk-2.1.1/service-definitions/machinelearning-2014-12-12.json"; sourceTree = "<group>"; };
		DE47D6801B0ABAB5005B7147 /* mobileanalytics-2014-06-30.json */ = {isa = PBXFileReference; fileEncoding = 4; lastKnownFileType = text.json; name = "mobileanalytics-2014-06-30.json"; path = "../../../../Documents/SDKs/aws-ios-sdk-2.1.1/service-definitions/mobileanalytics-2014-06-30.json"; sourceTree = "<group>"; };
		DE47D6811B0ABAB5005B7147 /* monitoring-2010-08-01.json */ = {isa = PBXFileReference; fileEncoding = 4; lastKnownFileType = text.json; name = "monitoring-2010-08-01.json"; path = "../../../../Documents/SDKs/aws-ios-sdk-2.1.1/service-definitions/monitoring-2010-08-01.json"; sourceTree = "<group>"; };
		DE47D6821B0ABAB5005B7147 /* s3-2006-03-01.json */ = {isa = PBXFileReference; fileEncoding = 4; lastKnownFileType = text.json; name = "s3-2006-03-01.json"; path = "../../../../Documents/SDKs/aws-ios-sdk-2.1.1/service-definitions/s3-2006-03-01.json"; sourceTree = "<group>"; };
		DE47D6831B0ABAB5005B7147 /* sdb-2009-04-15.json */ = {isa = PBXFileReference; fileEncoding = 4; lastKnownFileType = text.json; name = "sdb-2009-04-15.json"; path = "../../../../Documents/SDKs/aws-ios-sdk-2.1.1/service-definitions/sdb-2009-04-15.json"; sourceTree = "<group>"; };
		DE47D6841B0ABAB5005B7147 /* sns-2010-03-31.json */ = {isa = PBXFileReference; fileEncoding = 4; lastKnownFileType = text.json; name = "sns-2010-03-31.json"; path = "../../../../Documents/SDKs/aws-ios-sdk-2.1.1/service-definitions/sns-2010-03-31.json"; sourceTree = "<group>"; };
		DE47D6851B0ABAB5005B7147 /* sqs-2012-11-05.json */ = {isa = PBXFileReference; fileEncoding = 4; lastKnownFileType = text.json; name = "sqs-2012-11-05.json"; path = "../../../../Documents/SDKs/aws-ios-sdk-2.1.1/service-definitions/sqs-2012-11-05.json"; sourceTree = "<group>"; };
		DE47D6861B0ABAB5005B7147 /* sts-2011-06-15.json */ = {isa = PBXFileReference; fileEncoding = 4; lastKnownFileType = text.json; name = "sts-2011-06-15.json"; path = "../../../../Documents/SDKs/aws-ios-sdk-2.1.1/service-definitions/sts-2011-06-15.json"; sourceTree = "<group>"; };
		DE47D6981B0ABB4C005B7147 /* Bolts.framework */ = {isa = PBXFileReference; lastKnownFileType = wrapper.framework; name = Bolts.framework; path = "../../../../Documents/SDKs/aws-ios-sdk-2.1.1/third-party/Bolts.framework"; sourceTree = "<group>"; };
		DE47D6991B0ABB4C005B7147 /* FMDB.framework */ = {isa = PBXFileReference; lastKnownFileType = wrapper.framework; name = FMDB.framework; path = "../../../../Documents/SDKs/aws-ios-sdk-2.1.1/third-party/FMDB.framework"; sourceTree = "<group>"; };
		DE47D69A1B0ABB4C005B7147 /* GZIP.framework */ = {isa = PBXFileReference; lastKnownFileType = wrapper.framework; name = GZIP.framework; path = "../../../../Documents/SDKs/aws-ios-sdk-2.1.1/third-party/GZIP.framework"; sourceTree = "<group>"; };
		DE47D69B1B0ABB4C005B7147 /* Mantle.framework */ = {isa = PBXFileReference; lastKnownFileType = wrapper.framework; name = Mantle.framework; path = "../../../../Documents/SDKs/aws-ios-sdk-2.1.1/third-party/Mantle.framework"; sourceTree = "<group>"; };
		DE47D69C1B0ABB4C005B7147 /* Reachability.framework */ = {isa = PBXFileReference; lastKnownFileType = wrapper.framework; name = Reachability.framework; path = "../../../../Documents/SDKs/aws-ios-sdk-2.1.1/third-party/Reachability.framework"; sourceTree = "<group>"; };
		DE47D69D1B0ABB4C005B7147 /* TMCache.framework */ = {isa = PBXFileReference; lastKnownFileType = wrapper.framework; name = TMCache.framework; path = "../../../../Documents/SDKs/aws-ios-sdk-2.1.1/third-party/TMCache.framework"; sourceTree = "<group>"; };
		DE47D69E1B0ABB4C005B7147 /* UICKeyChainStore.framework */ = {isa = PBXFileReference; lastKnownFileType = wrapper.framework; name = UICKeyChainStore.framework; path = "../../../../Documents/SDKs/aws-ios-sdk-2.1.1/third-party/UICKeyChainStore.framework"; sourceTree = "<group>"; };
		DE47D69F1B0ABB4C005B7147 /* XMLDictionary.framework */ = {isa = PBXFileReference; lastKnownFileType = wrapper.framework; name = XMLDictionary.framework; path = "../../../../Documents/SDKs/aws-ios-sdk-2.1.1/third-party/XMLDictionary.framework"; sourceTree = "<group>"; };
		DE47D6A81B0ACD1B005B7147 /* SecondViewController.h */ = {isa = PBXFileReference; fileEncoding = 4; lastKnownFileType = sourcecode.c.h; path = SecondViewController.h; sourceTree = "<group>"; };
		DE47D6A91B0ACD1B005B7147 /* SecondViewController.m */ = {isa = PBXFileReference; fileEncoding = 4; lastKnownFileType = sourcecode.c.objc; path = SecondViewController.m; sourceTree = "<group>"; };
/* End PBXFileReference section */

/* Begin PBXFrameworksBuildPhase section */
		DE47D60F1B0A6587005B7147 /* Frameworks */ = {
			isa = PBXFrameworksBuildPhase;
			buildActionMask = 2147483647;
			files = (
				DE47D6A61B0ABB4C005B7147 /* UICKeyChainStore.framework in Frameworks */,
				DE47D6751B0ABA99005B7147 /* SystemConfiguration.framework in Frameworks */,
				DE47D64A1B0AB2A0005B7147 /* AWSCore.framework in Frameworks */,
				DE47D6481B0AB272005B7147 /* AWSS3.framework in Frameworks */,
				DE47D6A01B0ABB4C005B7147 /* Bolts.framework in Frameworks */,
				DE47D6A71B0ABB4C005B7147 /* XMLDictionary.framework in Frameworks */,
				DE47D6A21B0ABB4C005B7147 /* GZIP.framework in Frameworks */,
				DE47D6A31B0ABB4C005B7147 /* Mantle.framework in Frameworks */,
				DE47D6A51B0ABB4C005B7147 /* TMCache.framework in Frameworks */,
				DE47D65A1B0AB4E3005B7147 /* libz.dylib in Frameworks */,
				DE47D6A41B0ABB4C005B7147 /* Reachability.framework in Frameworks */,
				DE47D6A11B0ABB4C005B7147 /* FMDB.framework in Frameworks */,
				DE47D6731B0ABA88005B7147 /* libsqlite3.dylib in Frameworks */,
			);
			runOnlyForDeploymentPostprocessing = 0;
		};
		DE47D6281B0A6588005B7147 /* Frameworks */ = {
			isa = PBXFrameworksBuildPhase;
			buildActionMask = 2147483647;
			files = (
			);
			runOnlyForDeploymentPostprocessing = 0;
		};
/* End PBXFrameworksBuildPhase section */

/* Begin PBXGroup section */
		DE47D6091B0A6587005B7147 = {
			isa = PBXGroup;
			children = (
				DE47D6141B0A6587005B7147 /* S3Notes */,
				DE47D62E1B0A6588005B7147 /* S3NotesTests */,
				DE47D6131B0A6587005B7147 /* Products */,
			);
			sourceTree = "<group>";
		};
		DE47D6131B0A6587005B7147 /* Products */ = {
			isa = PBXGroup;
			children = (
				DE47D6121B0A6587005B7147 /* S3Notes.app */,
				DE47D62B1B0A6588005B7147 /* S3NotesTests.xctest */,
			);
			name = Products;
			sourceTree = "<group>";
		};
		DE47D6141B0A6587005B7147 /* S3Notes */ = {
			isa = PBXGroup;
			children = (
				DE47D6191B0A6587005B7147 /* AppDelegate.h */,
				DE47D61A1B0A6587005B7147 /* AppDelegate.m */,
				DE47D61C1B0A6588005B7147 /* ViewController.h */,
				DE47D61D1B0A6588005B7147 /* ViewController.m */,
				DE47D6A81B0ACD1B005B7147 /* SecondViewController.h */,
				DE47D6A91B0ACD1B005B7147 /* SecondViewController.m */,
				DE47D63D1B0A6628005B7147 /* S3Manager.h */,
				DE47D63E1B0A6628005B7147 /* S3Manager.m */,
				DE47D61F1B0A6588005B7147 /* Main.storyboard */,
				DE47D6221B0A6588005B7147 /* Images.xcassets */,
				DE47D6241B0A6588005B7147 /* LaunchScreen.xib */,
				DE47D6611B0ABA37005B7147 /* Frameworks */,
				DE47D6151B0A6587005B7147 /* Supporting Files */,
			);
			path = S3Notes;
			sourceTree = "<group>";
		};
		DE47D6151B0A6587005B7147 /* Supporting Files */ = {
			isa = PBXGroup;
			children = (
				DE47D6161B0A6587005B7147 /* Info.plist */,
				DE47D6171B0A6587005B7147 /* main.m */,
			);
			name = "Supporting Files";
			sourceTree = "<group>";
		};
		DE47D62E1B0A6588005B7147 /* S3NotesTests */ = {
			isa = PBXGroup;
			children = (
				DE47D6311B0A6588005B7147 /* S3NotesTests.m */,
				DE47D62F1B0A6588005B7147 /* Supporting Files */,
			);
			path = S3NotesTests;
			sourceTree = "<group>";
		};
		DE47D62F1B0A6588005B7147 /* Supporting Files */ = {
			isa = PBXGroup;
			children = (
				DE47D6301B0A6588005B7147 /* Info.plist */,
			);
			name = "Supporting Files";
			sourceTree = "<group>";
		};
		DE47D6611B0ABA37005B7147 /* Frameworks */ = {
			isa = PBXGroup;
			children = (
				DE47D6981B0ABB4C005B7147 /* Bolts.framework */,
				DE47D6991B0ABB4C005B7147 /* FMDB.framework */,
				DE47D69A1B0ABB4C005B7147 /* GZIP.framework */,
				DE47D69B1B0ABB4C005B7147 /* Mantle.framework */,
				DE47D69C1B0ABB4C005B7147 /* Reachability.framework */,
				DE47D69D1B0ABB4C005B7147 /* TMCache.framework */,
				DE47D69E1B0ABB4C005B7147 /* UICKeyChainStore.framework */,
				DE47D69F1B0ABB4C005B7147 /* XMLDictionary.framework */,
				DE47D6591B0AB4E3005B7147 /* libz.dylib */,
				DE47D6721B0ABA88005B7147 /* libsqlite3.dylib */,
				DE47D6761B0ABAB5005B7147 /* autoscaling-2011-01-01.json */,
				DE47D6771B0ABAB5005B7147 /* cognito-identity-2014-06-30.json */,
				DE47D6781B0ABAB5005B7147 /* cognito-sync-2014-06-30.json */,
				DE47D6791B0ABAB5005B7147 /* dynamodb-2012-08-10.json */,
				DE47D67A1B0ABAB5005B7147 /* ec2-2014-09-01.json */,
				DE47D67B1B0ABAB5005B7147 /* elasticloadbalancing-2012-06-01.json */,
				DE47D67C1B0ABAB5005B7147 /* email-2010-12-01.json */,
				DE47D67D1B0ABAB5005B7147 /* kinesis-2013-12-02.json */,
				DE47D67E1B0ABAB5005B7147 /* lambda-2015-03-31.json */,
				DE47D67F1B0ABAB5005B7147 /* machinelearning-2014-12-12.json */,
				DE47D6801B0ABAB5005B7147 /* mobileanalytics-2014-06-30.json */,
				DE47D6811B0ABAB5005B7147 /* monitoring-2010-08-01.json */,
				DE47D6821B0ABAB5005B7147 /* s3-2006-03-01.json */,
				DE47D6831B0ABAB5005B7147 /* sdb-2009-04-15.json */,
				DE47D6841B0ABAB5005B7147 /* sns-2010-03-31.json */,
				DE47D6851B0ABAB5005B7147 /* sqs-2012-11-05.json */,
				DE47D6861B0ABAB5005B7147 /* sts-2011-06-15.json */,
				DE47D6741B0ABA99005B7147 /* SystemConfiguration.framework */,
				DE47D6701B0ABA5C005B7147 /* AWSCognito.framework */,
				DE47D6621B0ABA5C005B7147 /* AWSAutoScaling.framework */,
				DE47D6631B0ABA5C005B7147 /* AWSCloudWatch.framework */,
				DE47D6641B0ABA5C005B7147 /* AWSDynamoDB.framework */,
				DE47D6651B0ABA5C005B7147 /* AWSEC2.framework */,
				DE47D6661B0ABA5C005B7147 /* AWSElasticLoadBalancing.framework */,
				DE47D6671B0ABA5C005B7147 /* AWSKinesis.framework */,
				DE47D6681B0ABA5C005B7147 /* AWSLambda.framework */,
				DE47D6691B0ABA5C005B7147 /* AWSMachineLearning.framework */,
				DE47D66A1B0ABA5C005B7147 /* AWSSES.framework */,
				DE47D66B1B0ABA5C005B7147 /* AWSSimpleDB.framework */,
				DE47D66C1B0ABA5C005B7147 /* AWSSNS.framework */,
				DE47D66D1B0ABA5C005B7147 /* AWSSQS.framework */,
				DE47D6491B0AB2A0005B7147 /* AWSCore.framework */,
				DE47D6471B0AB272005B7147 /* AWSS3.framework */,
			);
			name = Frameworks;
			sourceTree = "<group>";
		};
/* End PBXGroup section */

/* Begin PBXNativeTarget section */
		DE47D6111B0A6587005B7147 /* S3Notes */ = {
			isa = PBXNativeTarget;
			buildConfigurationList = DE47D6351B0A6588005B7147 /* Build configuration list for PBXNativeTarget "S3Notes" */;
			buildPhases = (
				DE47D60E1B0A6587005B7147 /* Sources */,
				DE47D60F1B0A6587005B7147 /* Frameworks */,
				DE47D6101B0A6587005B7147 /* Resources */,
			);
			buildRules = (
			);
			dependencies = (
			);
			name = S3Notes;
			productName = S3Notes;
			productReference = DE47D6121B0A6587005B7147 /* S3Notes.app */;
			productType = "com.apple.product-type.application";
		};
		DE47D62A1B0A6588005B7147 /* S3NotesTests */ = {
			isa = PBXNativeTarget;
			buildConfigurationList = DE47D6381B0A6588005B7147 /* Build configuration list for PBXNativeTarget "S3NotesTests" */;
			buildPhases = (
				DE47D6271B0A6588005B7147 /* Sources */,
				DE47D6281B0A6588005B7147 /* Frameworks */,
				DE47D6291B0A6588005B7147 /* Resources */,
			);
			buildRules = (
			);
			dependencies = (
				DE47D62D1B0A6588005B7147 /* PBXTargetDependency */,
			);
			name = S3NotesTests;
			productName = S3NotesTests;
			productReference = DE47D62B1B0A6588005B7147 /* S3NotesTests.xctest */;
			productType = "com.apple.product-type.bundle.unit-test";
		};
/* End PBXNativeTarget section */

/* Begin PBXProject section */
		DE47D60A1B0A6587005B7147 /* Project object */ = {
			isa = PBXProject;
			attributes = {
				LastUpgradeCheck = 0630;
				ORGANIZATIONNAME = "Wesley Hovanec";
				TargetAttributes = {
					DE47D6111B0A6587005B7147 = {
						CreatedOnToolsVersion = 6.3.1;
					};
					DE47D62A1B0A6588005B7147 = {
						CreatedOnToolsVersion = 6.3.1;
						TestTargetID = DE47D6111B0A6587005B7147;
					};
				};
			};
			buildConfigurationList = DE47D60D1B0A6587005B7147 /* Build configuration list for PBXProject "S3Notes" */;
			compatibilityVersion = "Xcode 3.2";
			developmentRegion = English;
			hasScannedForEncodings = 0;
			knownRegions = (
				en,
				Base,
			);
			mainGroup = DE47D6091B0A6587005B7147;
			productRefGroup = DE47D6131B0A6587005B7147 /* Products */;
			projectDirPath = "";
			projectRoot = "";
			targets = (
				DE47D6111B0A6587005B7147 /* S3Notes */,
				DE47D62A1B0A6588005B7147 /* S3NotesTests */,
			);
		};
/* End PBXProject section */

/* Begin PBXResourcesBuildPhase section */
		DE47D6101B0A6587005B7147 /* Resources */ = {
			isa = PBXResourcesBuildPhase;
			buildActionMask = 2147483647;
			files = (
				DE47D6971B0ABAB5005B7147 /* sts-2011-06-15.json in Resources */,
				DE47D6891B0ABAB5005B7147 /* cognito-sync-2014-06-30.json in Resources */,
				DE47D68F1B0ABAB5005B7147 /* lambda-2015-03-31.json in Resources */,
				DE47D68C1B0ABAB5005B7147 /* elasticloadbalancing-2012-06-01.json in Resources */,
				DE47D6931B0ABAB5005B7147 /* s3-2006-03-01.json in Resources */,
				DE47D6211B0A6588005B7147 /* Main.storyboard in Resources */,
				DE47D6911B0ABAB5005B7147 /* mobileanalytics-2014-06-30.json in Resources */,
				DE47D6961B0ABAB5005B7147 /* sqs-2012-11-05.json in Resources */,
				DE47D68D1B0ABAB5005B7147 /* email-2010-12-01.json in Resources */,
				DE47D68E1B0ABAB5005B7147 /* kinesis-2013-12-02.json in Resources */,
				DE47D6901B0ABAB5005B7147 /* machinelearning-2014-12-12.json in Resources */,
				DE47D6881B0ABAB5005B7147 /* cognito-identity-2014-06-30.json in Resources */,
				DE47D6261B0A6588005B7147 /* LaunchScreen.xib in Resources */,
				DE47D6871B0ABAB5005B7147 /* autoscaling-2011-01-01.json in Resources */,
				DE47D6951B0ABAB5005B7147 /* sns-2010-03-31.json in Resources */,
				DE47D68B1B0ABAB5005B7147 /* ec2-2014-09-01.json in Resources */,
				DE47D6921B0ABAB5005B7147 /* monitoring-2010-08-01.json in Resources */,
				DE47D6231B0A6588005B7147 /* Images.xcassets in Resources */,
				DE47D68A1B0ABAB5005B7147 /* dynamodb-2012-08-10.json in Resources */,
				DE47D6941B0ABAB5005B7147 /* sdb-2009-04-15.json in Resources */,
			);
			runOnlyForDeploymentPostprocessing = 0;
		};
		DE47D6291B0A6588005B7147 /* Resources */ = {
			isa = PBXResourcesBuildPhase;
			buildActionMask = 2147483647;
			files = (
			);
			runOnlyForDeploymentPostprocessing = 0;
		};
/* End PBXResourcesBuildPhase section */

/* Begin PBXSourcesBuildPhase section */
		DE47D60E1B0A6587005B7147 /* Sources */ = {
			isa = PBXSourcesBuildPhase;
			buildActionMask = 2147483647;
			files = (
				DE47D6AA1B0ACD1B005B7147 /* SecondViewController.m in Sources */,
				DE47D61E1B0A6588005B7147 /* ViewController.m in Sources */,
				DE47D61B1B0A6587005B7147 /* AppDelegate.m in Sources */,
				DE47D6181B0A6587005B7147 /* main.m in Sources */,
				DE47D63F1B0A6628005B7147 /* S3Manager.m in Sources */,
			);
			runOnlyForDeploymentPostprocessing = 0;
		};
		DE47D6271B0A6588005B7147 /* Sources */ = {
			isa = PBXSourcesBuildPhase;
			buildActionMask = 2147483647;
			files = (
				DE47D6321B0A6588005B7147 /* S3NotesTests.m in Sources */,
			);
			runOnlyForDeploymentPostprocessing = 0;
		};
/* End PBXSourcesBuildPhase section */

/* Begin PBXTargetDependency section */
		DE47D62D1B0A6588005B7147 /* PBXTargetDependency */ = {
			isa = PBXTargetDependency;
			target = DE47D6111B0A6587005B7147 /* S3Notes */;
			targetProxy = DE47D62C1B0A6588005B7147 /* PBXContainerItemProxy */;
		};
/* End PBXTargetDependency section */

/* Begin PBXVariantGroup section */
		DE47D61F1B0A6588005B7147 /* Main.storyboard */ = {
			isa = PBXVariantGroup;
			children = (
				DE47D6201B0A6588005B7147 /* Base */,
			);
			name = Main.storyboard;
			sourceTree = "<group>";
		};
		DE47D6241B0A6588005B7147 /* LaunchScreen.xib */ = {
			isa = PBXVariantGroup;
			children = (
				DE47D6251B0A6588005B7147 /* Base */,
			);
			name = LaunchScreen.xib;
			sourceTree = "<group>";
		};
/* End PBXVariantGroup section */

/* Begin XCBuildConfiguration section */
		DE47D6331B0A6588005B7147 /* Debug */ = {
			isa = XCBuildConfiguration;
			buildSettings = {
				ALWAYS_SEARCH_USER_PATHS = NO;
				CLANG_CXX_LANGUAGE_STANDARD = "gnu++0x";
				CLANG_CXX_LIBRARY = "libc++";
				CLANG_ENABLE_MODULES = YES;
				CLANG_ENABLE_OBJC_ARC = YES;
				CLANG_WARN_BOOL_CONVERSION = YES;
				CLANG_WARN_CONSTANT_CONVERSION = YES;
				CLANG_WARN_DIRECT_OBJC_ISA_USAGE = YES_ERROR;
				CLANG_WARN_EMPTY_BODY = YES;
				CLANG_WARN_ENUM_CONVERSION = YES;
				CLANG_WARN_INT_CONVERSION = YES;
				CLANG_WARN_OBJC_ROOT_CLASS = YES_ERROR;
				CLANG_WARN_UNREACHABLE_CODE = YES;
				CLANG_WARN__DUPLICATE_METHOD_MATCH = YES;
				"CODE_SIGN_IDENTITY[sdk=iphoneos*]" = "iPhone Developer";
				COPY_PHASE_STRIP = NO;
				DEBUG_INFORMATION_FORMAT = "dwarf-with-dsym";
				ENABLE_STRICT_OBJC_MSGSEND = YES;
				GCC_C_LANGUAGE_STANDARD = gnu99;
				GCC_DYNAMIC_NO_PIC = NO;
				GCC_NO_COMMON_BLOCKS = YES;
				GCC_OPTIMIZATION_LEVEL = 0;
				GCC_PREPROCESSOR_DEFINITIONS = (
					"DEBUG=1",
					"$(inherited)",
				);
				GCC_SYMBOLS_PRIVATE_EXTERN = NO;
				GCC_WARN_64_TO_32_BIT_CONVERSION = YES;
				GCC_WARN_ABOUT_RETURN_TYPE = YES_ERROR;
				GCC_WARN_UNDECLARED_SELECTOR = YES;
				GCC_WARN_UNINITIALIZED_AUTOS = YES_AGGRESSIVE;
				GCC_WARN_UNUSED_FUNCTION = YES;
				GCC_WARN_UNUSED_VARIABLE = YES;
				IPHONEOS_DEPLOYMENT_TARGET = 8.3;
				MTL_ENABLE_DEBUG_INFO = YES;
				ONLY_ACTIVE_ARCH = YES;
				SDKROOT = iphoneos;
				TARGETED_DEVICE_FAMILY = "1,2";
			};
			name = Debug;
		};
		DE47D6341B0A6588005B7147 /* Release */ = {
			isa = XCBuildConfiguration;
			buildSettings = {
				ALWAYS_SEARCH_USER_PATHS = NO;
				CLANG_CXX_LANGUAGE_STANDARD = "gnu++0x";
				CLANG_CXX_LIBRARY = "libc++";
				CLANG_ENABLE_MODULES = YES;
				CLANG_ENABLE_OBJC_ARC = YES;
				CLANG_WARN_BOOL_CONVERSION = YES;
				CLANG_WARN_CONSTANT_CONVERSION = YES;
				CLANG_WARN_DIRECT_OBJC_ISA_USAGE = YES_ERROR;
				CLANG_WARN_EMPTY_BODY = YES;
				CLANG_WARN_ENUM_CONVERSION = YES;
				CLANG_WARN_INT_CONVERSION = YES;
				CLANG_WARN_OBJC_ROOT_CLASS = YES_ERROR;
				CLANG_WARN_UNREACHABLE_CODE = YES;
				CLANG_WARN__DUPLICATE_METHOD_MATCH = YES;
				"CODE_SIGN_IDENTITY[sdk=iphoneos*]" = "iPhone Developer";
				COPY_PHASE_STRIP = NO;
				DEBUG_INFORMATION_FORMAT = "dwarf-with-dsym";
				ENABLE_NS_ASSERTIONS = NO;
				ENABLE_STRICT_OBJC_MSGSEND = YES;
				GCC_C_LANGUAGE_STANDARD = gnu99;
				GCC_NO_COMMON_BLOCKS = YES;
				GCC_WARN_64_TO_32_BIT_CONVERSION = YES;
				GCC_WARN_ABOUT_RETURN_TYPE = YES_ERROR;
				GCC_WARN_UNDECLARED_SELECTOR = YES;
				GCC_WARN_UNINITIALIZED_AUTOS = YES_AGGRESSIVE;
				GCC_WARN_UNUSED_FUNCTION = YES;
				GCC_WARN_UNUSED_VARIABLE = YES;
				IPHONEOS_DEPLOYMENT_TARGET = 8.3;
				MTL_ENABLE_DEBUG_INFO = NO;
				SDKROOT = iphoneos;
				TARGETED_DEVICE_FAMILY = "1,2";
				VALIDATE_PRODUCT = YES;
			};
			name = Release;
		};
		DE47D6361B0A6588005B7147 /* Debug */ = {
			isa = XCBuildConfiguration;
			buildSettings = {
				ASSETCATALOG_COMPILER_APPICON_NAME = AppIcon;
				FRAMEWORK_SEARCH_PATHS = (
					"$(inherited)",
					"/Users/Wes/Documents/SDKs/aws-ios-sdk-2.1.1/frameworks",
					"/Users/Wes/Documents/SDKs/aws-ios-sdk-2.1.1/third-party",
				);
				INFOPLIST_FILE = S3Notes/Info.plist;
				IPHONEOS_DEPLOYMENT_TARGET = 8.0;
				LD_RUNPATH_SEARCH_PATHS = "$(inherited) @executable_path/Frameworks";
				PRODUCT_NAME = "$(TARGET_NAME)";
			};
			name = Debug;
		};
		DE47D6371B0A6588005B7147 /* Release */ = {
			isa = XCBuildConfiguration;
			buildSettings = {
				ASSETCATALOG_COMPILER_APPICON_NAME = AppIcon;
				FRAMEWORK_SEARCH_PATHS = (
					"$(inherited)",
					"/Users/Wes/Documents/SDKs/aws-ios-sdk-2.1.1/frameworks",
					"/Users/Wes/Documents/SDKs/aws-ios-sdk-2.1.1/third-party",
				);
				INFOPLIST_FILE = S3Notes/Info.plist;
				IPHONEOS_DEPLOYMENT_TARGET = 8.0;
				LD_RUNPATH_SEARCH_PATHS = "$(inherited) @executable_path/Frameworks";
				PRODUCT_NAME = "$(TARGET_NAME)";
			};
			name = Release;
		};
		DE47D6391B0A6588005B7147 /* Debug */ = {
			isa = XCBuildConfiguration;
			buildSettings = {
				BUNDLE_LOADER = "$(TEST_HOST)";
				FRAMEWORK_SEARCH_PATHS = (
					"$(SDKROOT)/Developer/Library/Frameworks",
					"$(inherited)",
				);
				GCC_PREPROCESSOR_DEFINITIONS = (
					"DEBUG=1",
					"$(inherited)",
				);
				INFOPLIST_FILE = S3NotesTests/Info.plist;
				LD_RUNPATH_SEARCH_PATHS = "$(inherited) @executable_path/Frameworks @loader_path/Frameworks";
				PRODUCT_NAME = "$(TARGET_NAME)";
				TEST_HOST = "$(BUILT_PRODUCTS_DIR)/S3Notes.app/S3Notes";
			};
			name = Debug;
		};
		DE47D63A1B0A6588005B7147 /* Release */ = {
			isa = XCBuildConfiguration;
			buildSettings = {
				BUNDLE_LOADER = "$(TEST_HOST)";
				FRAMEWORK_SEARCH_PATHS = (
					"$(SDKROOT)/Developer/Library/Frameworks",
					"$(inherited)",
				);
				INFOPLIST_FILE = S3NotesTests/Info.plist;
				LD_RUNPATH_SEARCH_PATHS = "$(inherited) @executable_path/Frameworks @loader_path/Frameworks";
				PRODUCT_NAME = "$(TARGET_NAME)";
				TEST_HOST = "$(BUILT_PRODUCTS_DIR)/S3Notes.app/S3Notes";
			};
			name = Release;
		};
/* End XCBuildConfiguration section */

/* Begin XCConfigurationList section */
		DE47D60D1B0A6587005B7147 /* Build configuration list for PBXProject "S3Notes" */ = {
			isa = XCConfigurationList;
			buildConfigurations = (
				DE47D6331B0A6588005B7147 /* Debug */,
				DE47D6341B0A6588005B7147 /* Release */,
			);
			defaultConfigurationIsVisible = 0;
			defaultConfigurationName = Release;
		};
		DE47D6351B0A6588005B7147 /* Build configuration list for PBXNativeTarget "S3Notes" */ = {
			isa = XCConfigurationList;
			buildConfigurations = (
				DE47D6361B0A6588005B7147 /* Debug */,
				DE47D6371B0A6588005B7147 /* Release */,
			);
			defaultConfigurationIsVisible = 0;
			defaultConfigurationName = Release;
		};
		DE47D6381B0A6588005B7147 /* Build configuration list for PBXNativeTarget "S3NotesTests" */ = {
			isa = XCConfigurationList;
			buildConfigurations = (
				DE47D6391B0A6588005B7147 /* Debug */,
				DE47D63A1B0A6588005B7147 /* Release */,
			);
			defaultConfigurationIsVisible = 0;
			defaultConfigurationName = Release;
		};
/* End XCConfigurationList section */
	};
	rootObject = DE47D60A1B0A6587005B7147 /* Project object */;
}
